// !$*UTF8*$!
{
	archiveVersion = 1;
	classes = {
	};
	objectVersion = 52;
	objects = {

/* Begin PBXBuildFile section */
		D5159C6C279513C30080898A /* AppDelegate.swift in Sources */ = {isa = PBXBuildFile; fileRef = D5159C6B279513C30080898A /* AppDelegate.swift */; };
		D5159C6E279513C30080898A /* SceneDelegate.swift in Sources */ = {isa = PBXBuildFile; fileRef = D5159C6D279513C30080898A /* SceneDelegate.swift */; };
		D5159C70279513C30080898A /* MainTabBarViewController.swift in Sources */ = {isa = PBXBuildFile; fileRef = D5159C6F279513C30080898A /* MainTabBarViewController.swift */; };
		D5159C75279513C40080898A /* Assets.xcassets in Resources */ = {isa = PBXBuildFile; fileRef = D5159C74279513C40080898A /* Assets.xcassets */; };
		D5159C78279513C40080898A /* LaunchScreen.storyboard in Resources */ = {isa = PBXBuildFile; fileRef = D5159C76279513C40080898A /* LaunchScreen.storyboard */; };
		D5159C81279514AA0080898A /* HomeViewController.swift in Sources */ = {isa = PBXBuildFile; fileRef = D5159C80279514AA0080898A /* HomeViewController.swift */; };
		D5159C83279514C70080898A /* UpcomingViewController.swift in Sources */ = {isa = PBXBuildFile; fileRef = D5159C82279514C70080898A /* UpcomingViewController.swift */; };
		D5159C85279514E10080898A /* SearchViewController.swift in Sources */ = {isa = PBXBuildFile; fileRef = D5159C84279514E10080898A /* SearchViewController.swift */; };
		D5159C87279514FF0080898A /* DownloadsViewController.swift in Sources */ = {isa = PBXBuildFile; fileRef = D5159C86279514FF0080898A /* DownloadsViewController.swift */; };
		D5159C8E2795709C0080898A /* CollectionViewTableViewCell.swift in Sources */ = {isa = PBXBuildFile; fileRef = D5159C8D2795709C0080898A /* CollectionViewTableViewCell.swift */; };
		D5282F3B27A96A8100F99EF0 /* ApiCaller.swift in Sources */ = {isa = PBXBuildFile; fileRef = D5282F3A27A96A8100F99EF0 /* ApiCaller.swift */; };
		D54C7873279C843300D1508F /* HeroHeaderUIView.swift in Sources */ = {isa = PBXBuildFile; fileRef = D54C7872279C843300D1508F /* HeroHeaderUIView.swift */; };
		D5EAF98F27B3BC9B005CEB4C /* Extensions.swift in Sources */ = {isa = PBXBuildFile; fileRef = D5EAF98E27B3BC9B005CEB4C /* Extensions.swift */; };
		D5EAF99127B3BE8F005CEB4C /* Title.swift in Sources */ = {isa = PBXBuildFile; fileRef = D5EAF99027B3BE8F005CEB4C /* Title.swift */; };
		D5F58A7C27C909E00049FF63 /* TitleCollectionViewCell.swift in Sources */ = {isa = PBXBuildFile; fileRef = D5F58A7B27C909E00049FF63 /* TitleCollectionViewCell.swift */; };
		D5F58A7F27C90AEB0049FF63 /* SDWebImage in Frameworks */ = {isa = PBXBuildFile; productRef = D5F58A7E27C90AEB0049FF63 /* SDWebImage */; };
		D5F58A8127C90AEB0049FF63 /* SDWebImageMapKit in Frameworks */ = {isa = PBXBuildFile; productRef = D5F58A8027C90AEB0049FF63 /* SDWebImageMapKit */; };
		D5F58A8327CA63AA0049FF63 /* TitleTableViewCell.swift in Sources */ = {isa = PBXBuildFile; fileRef = D5F58A8227CA63AA0049FF63 /* TitleTableViewCell.swift */; };
		D5F58A8527CA65EA0049FF63 /* TitleViewModel.swift in Sources */ = {isa = PBXBuildFile; fileRef = D5F58A8427CA65EA0049FF63 /* TitleViewModel.swift */; };
		D5F58A8727CCD4710049FF63 /* SearchResultsViewController.swift in Sources */ = {isa = PBXBuildFile; fileRef = D5F58A8627CCD4700049FF63 /* SearchResultsViewController.swift */; };
/* End PBXBuildFile section */

/* Begin PBXFileReference section */
		D5159C68279513C30080898A /* NetflixClone.app */ = {isa = PBXFileReference; explicitFileType = wrapper.application; includeInIndex = 0; path = NetflixClone.app; sourceTree = BUILT_PRODUCTS_DIR; };
		D5159C6B279513C30080898A /* AppDelegate.swift */ = {isa = PBXFileReference; lastKnownFileType = sourcecode.swift; path = AppDelegate.swift; sourceTree = "<group>"; };
		D5159C6D279513C30080898A /* SceneDelegate.swift */ = {isa = PBXFileReference; lastKnownFileType = sourcecode.swift; path = SceneDelegate.swift; sourceTree = "<group>"; };
		D5159C6F279513C30080898A /* MainTabBarViewController.swift */ = {isa = PBXFileReference; lastKnownFileType = sourcecode.swift; path = MainTabBarViewController.swift; sourceTree = "<group>"; };
		D5159C74279513C40080898A /* Assets.xcassets */ = {isa = PBXFileReference; lastKnownFileType = folder.assetcatalog; path = Assets.xcassets; sourceTree = "<group>"; };
		D5159C77279513C40080898A /* Base */ = {isa = PBXFileReference; lastKnownFileType = file.storyboard; name = Base; path = Base.lproj/LaunchScreen.storyboard; sourceTree = "<group>"; };
		D5159C79279513C40080898A /* Info.plist */ = {isa = PBXFileReference; lastKnownFileType = text.plist.xml; path = Info.plist; sourceTree = "<group>"; };
		D5159C80279514AA0080898A /* HomeViewController.swift */ = {isa = PBXFileReference; lastKnownFileType = sourcecode.swift; path = HomeViewController.swift; sourceTree = "<group>"; };
		D5159C82279514C70080898A /* UpcomingViewController.swift */ = {isa = PBXFileReference; lastKnownFileType = sourcecode.swift; path = UpcomingViewController.swift; sourceTree = "<group>"; };
		D5159C84279514E10080898A /* SearchViewController.swift */ = {isa = PBXFileReference; lastKnownFileType = sourcecode.swift; path = SearchViewController.swift; sourceTree = "<group>"; };
		D5159C86279514FF0080898A /* DownloadsViewController.swift */ = {isa = PBXFileReference; lastKnownFileType = sourcecode.swift; path = DownloadsViewController.swift; sourceTree = "<group>"; };
		D5159C8D2795709C0080898A /* CollectionViewTableViewCell.swift */ = {isa = PBXFileReference; lastKnownFileType = sourcecode.swift; path = CollectionViewTableViewCell.swift; sourceTree = "<group>"; };
		D5282F3A27A96A8100F99EF0 /* ApiCaller.swift */ = {isa = PBXFileReference; lastKnownFileType = sourcecode.swift; path = ApiCaller.swift; sourceTree = "<group>"; };
		D54C7872279C843300D1508F /* HeroHeaderUIView.swift */ = {isa = PBXFileReference; lastKnownFileType = sourcecode.swift; path = HeroHeaderUIView.swift; sourceTree = "<group>"; };
		D5EAF98E27B3BC9B005CEB4C /* Extensions.swift */ = {isa = PBXFileReference; lastKnownFileType = sourcecode.swift; path = Extensions.swift; sourceTree = "<group>"; };
		D5EAF99027B3BE8F005CEB4C /* Title.swift */ = {isa = PBXFileReference; lastKnownFileType = sourcecode.swift; path = Title.swift; sourceTree = "<group>"; };
		D5F58A7B27C909E00049FF63 /* TitleCollectionViewCell.swift */ = {isa = PBXFileReference; lastKnownFileType = sourcecode.swift; path = TitleCollectionViewCell.swift; sourceTree = "<group>"; };
		D5F58A8227CA63AA0049FF63 /* TitleTableViewCell.swift */ = {isa = PBXFileReference; lastKnownFileType = sourcecode.swift; path = TitleTableViewCell.swift; sourceTree = "<group>"; };
		D5F58A8427CA65EA0049FF63 /* TitleViewModel.swift */ = {isa = PBXFileReference; lastKnownFileType = sourcecode.swift; path = TitleViewModel.swift; sourceTree = "<group>"; };
		D5F58A8627CCD4700049FF63 /* SearchResultsViewController.swift */ = {isa = PBXFileReference; lastKnownFileType = sourcecode.swift; path = SearchResultsViewController.swift; sourceTree = "<group>"; };
/* End PBXFileReference section */

/* Begin PBXFrameworksBuildPhase section */
		D5159C65279513C30080898A /* Frameworks */ = {
			isa = PBXFrameworksBuildPhase;
			buildActionMask = 2147483647;
			files = (
				D5F58A8127C90AEB0049FF63 /* SDWebImageMapKit in Frameworks */,
				D5F58A7F27C90AEB0049FF63 /* SDWebImage in Frameworks */,
			);
			runOnlyForDeploymentPostprocessing = 0;
		};
/* End PBXFrameworksBuildPhase section */

/* Begin PBXGroup section */
		D5159C5F279513C30080898A = {
			isa = PBXGroup;
			children = (
				D5159C6A279513C30080898A /* NetflixClone */,
				D5159C69279513C30080898A /* Products */,
			);
			sourceTree = "<group>";
		};
		D5159C69279513C30080898A /* Products */ = {
			isa = PBXGroup;
			children = (
				D5159C68279513C30080898A /* NetflixClone.app */,
			);
			name = Products;
			sourceTree = "<group>";
		};
		D5159C6A279513C30080898A /* NetflixClone */ = {
			isa = PBXGroup;
			children = (
				D5159C8C2795706B0080898A /* Managers */,
				D5159C8B279570640080898A /* Resources */,
				D5159C8A2795703F0080898A /* Models */,
				D5159C88279570320080898A /* Views */,
				D5159C892795703A0080898A /* ViewModels */,
				D5159C7F2795148D0080898A /* Controllers */,
				D5159C6B279513C30080898A /* AppDelegate.swift */,
				D5159C6D279513C30080898A /* SceneDelegate.swift */,
				D5159C74279513C40080898A /* Assets.xcassets */,
				D5159C76279513C40080898A /* LaunchScreen.storyboard */,
				D5159C79279513C40080898A /* Info.plist */,
			);
			path = NetflixClone;
			sourceTree = "<group>";
		};
		D5159C7F2795148D0080898A /* Controllers */ = {
			isa = PBXGroup;
			children = (
				D5F58A8927CCD4BF0049FF63 /* General */,
				D5F58A8827CCD4AC0049FF63 /* Core */,
			);
			path = Controllers;
			sourceTree = "<group>";
		};
		D5159C88279570320080898A /* Views */ = {
			isa = PBXGroup;
			children = (
				D5159C8D2795709C0080898A /* CollectionViewTableViewCell.swift */,
				D54C7872279C843300D1508F /* HeroHeaderUIView.swift */,
				D5F58A7B27C909E00049FF63 /* TitleCollectionViewCell.swift */,
				D5F58A8227CA63AA0049FF63 /* TitleTableViewCell.swift */,
			);
			path = Views;
			sourceTree = "<group>";
		};
		D5159C892795703A0080898A /* ViewModels */ = {
			isa = PBXGroup;
			children = (
				D5F58A8427CA65EA0049FF63 /* TitleViewModel.swift */,
			);
			path = ViewModels;
			sourceTree = "<group>";
		};
		D5159C8A2795703F0080898A /* Models */ = {
			isa = PBXGroup;
			children = (
				D5EAF99027B3BE8F005CEB4C /* Title.swift */,
			);
			path = Models;
			sourceTree = "<group>";
		};
		D5159C8B279570640080898A /* Resources */ = {
			isa = PBXGroup;
			children = (
				D5EAF98E27B3BC9B005CEB4C /* Extensions.swift */,
			);
			path = Resources;
			sourceTree = "<group>";
		};
		D5159C8C2795706B0080898A /* Managers */ = {
			isa = PBXGroup;
			children = (
				D5282F3A27A96A8100F99EF0 /* ApiCaller.swift */,
			);
			path = Managers;
			sourceTree = "<group>";
		};
		D5F58A8827CCD4AC0049FF63 /* Core */ = {
			isa = PBXGroup;
			children = (
				D5159C80279514AA0080898A /* HomeViewController.swift */,
				D5159C82279514C70080898A /* UpcomingViewController.swift */,
				D5159C84279514E10080898A /* SearchViewController.swift */,
				D5159C86279514FF0080898A /* DownloadsViewController.swift */,
				D5159C6F279513C30080898A /* MainTabBarViewController.swift */,
			);
			path = Core;
			sourceTree = "<group>";
		};
		D5F58A8927CCD4BF0049FF63 /* General */ = {
			isa = PBXGroup;
			children = (
				D5F58A8627CCD4700049FF63 /* SearchResultsViewController.swift */,
			);
			path = General;
			sourceTree = "<group>";
		};
/* End PBXGroup section */

/* Begin PBXNativeTarget section */
		D5159C67279513C30080898A /* NetflixClone */ = {
			isa = PBXNativeTarget;
			buildConfigurationList = D5159C7C279513C40080898A /* Build configuration list for PBXNativeTarget "NetflixClone" */;
			buildPhases = (
				D5159C64279513C30080898A /* Sources */,
				D5159C65279513C30080898A /* Frameworks */,
				D5159C66279513C30080898A /* Resources */,
			);
			buildRules = (
			);
			dependencies = (
			);
			name = NetflixClone;
			packageProductDependencies = (
				D5F58A7E27C90AEB0049FF63 /* SDWebImage */,
				D5F58A8027C90AEB0049FF63 /* SDWebImageMapKit */,
			);
			productName = NetflixClone;
			productReference = D5159C68279513C30080898A /* NetflixClone.app */;
			productType = "com.apple.product-type.application";
		};
/* End PBXNativeTarget section */

/* Begin PBXProject section */
		D5159C60279513C30080898A /* Project object */ = {
			isa = PBXProject;
			attributes = {
				LastSwiftUpdateCheck = 1250;
				LastUpgradeCheck = 1250;
				TargetAttributes = {
					D5159C67279513C30080898A = {
						CreatedOnToolsVersion = 12.5.1;
					};
				};
			};
			buildConfigurationList = D5159C63279513C30080898A /* Build configuration list for PBXProject "NetflixClone" */;
			compatibilityVersion = "Xcode 9.3";
			developmentRegion = en;
			hasScannedForEncodings = 0;
			knownRegions = (
				en,
				Base,
			);
			mainGroup = D5159C5F279513C30080898A;
			packageReferences = (
				D5F58A7D27C90AEB0049FF63 /* XCRemoteSwiftPackageReference "SDWebImage" */,
			);
			productRefGroup = D5159C69279513C30080898A /* Products */;
			projectDirPath = "";
			projectRoot = "";
			targets = (
				D5159C67279513C30080898A /* NetflixClone */,
			);
		};
/* End PBXProject section */

/* Begin PBXResourcesBuildPhase section */
		D5159C66279513C30080898A /* Resources */ = {
			isa = PBXResourcesBuildPhase;
			buildActionMask = 2147483647;
			files = (
				D5159C78279513C40080898A /* LaunchScreen.storyboard in Resources */,
				D5159C75279513C40080898A /* Assets.xcassets in Resources */,
			);
			runOnlyForDeploymentPostprocessing = 0;
		};
/* End PBXResourcesBuildPhase section */

/* Begin PBXSourcesBuildPhase section */
		D5159C64279513C30080898A /* Sources */ = {
			isa = PBXSourcesBuildPhase;
			buildActionMask = 2147483647;
			files = (
				D5F58A8327CA63AA0049FF63 /* TitleTableViewCell.swift in Sources */,
				D5159C85279514E10080898A /* SearchViewController.swift in Sources */,
				D5F58A7C27C909E00049FF63 /* TitleCollectionViewCell.swift in Sources */,
				D5159C70279513C30080898A /* MainTabBarViewController.swift in Sources */,
				D5EAF98F27B3BC9B005CEB4C /* Extensions.swift in Sources */,
				D5159C8E2795709C0080898A /* CollectionViewTableViewCell.swift in Sources */,
				D54C7873279C843300D1508F /* HeroHeaderUIView.swift in Sources */,
				D5159C87279514FF0080898A /* DownloadsViewController.swift in Sources */,
				D5159C6C279513C30080898A /* AppDelegate.swift in Sources */,
				D5F58A8727CCD4710049FF63 /* SearchResultsViewController.swift in Sources */,
				D5159C6E279513C30080898A /* SceneDelegate.swift in Sources */,
				D5159C83279514C70080898A /* UpcomingViewController.swift in Sources */,
				D5159C81279514AA0080898A /* HomeViewController.swift in Sources */,
				D5EAF99127B3BE8F005CEB4C /* Title.swift in Sources */,
				D5282F3B27A96A8100F99EF0 /* ApiCaller.swift in Sources */,
				D5F58A8527CA65EA0049FF63 /* TitleViewModel.swift in Sources */,
			);
			runOnlyForDeploymentPostprocessing = 0;
		};
/* End PBXSourcesBuildPhase section */

/* Begin PBXVariantGroup section */
		D5159C76279513C40080898A /* LaunchScreen.storyboard */ = {
			isa = PBXVariantGroup;
			children = (
				D5159C77279513C40080898A /* Base */,
			);
			name = LaunchScreen.storyboard;
			sourceTree = "<group>";
		};
/* End PBXVariantGroup section */

/* Begin XCBuildConfiguration section */
		D5159C7A279513C40080898A /* Debug */ = {
			isa = XCBuildConfiguration;
			buildSettings = {
				ALWAYS_SEARCH_USER_PATHS = NO;
				CLANG_ANALYZER_NONNULL = YES;
				CLANG_ANALYZER_NUMBER_OBJECT_CONVERSION = YES_AGGRESSIVE;
				CLANG_CXX_LANGUAGE_STANDARD = "gnu++14";
				CLANG_CXX_LIBRARY = "libc++";
				CLANG_ENABLE_MODULES = YES;
				CLANG_ENABLE_OBJC_ARC = YES;
				CLANG_ENABLE_OBJC_WEAK = YES;
				CLANG_WARN_BLOCK_CAPTURE_AUTORELEASING = YES;
				CLANG_WARN_BOOL_CONVERSION = YES;
				CLANG_WARN_COMMA = YES;
				CLANG_WARN_CONSTANT_CONVERSION = YES;
				CLANG_WARN_DEPRECATED_OBJC_IMPLEMENTATIONS = YES;
				CLANG_WARN_DIRECT_OBJC_ISA_USAGE = YES_ERROR;
				CLANG_WARN_DOCUMENTATION_COMMENTS = YES;
				CLANG_WARN_EMPTY_BODY = YES;
				CLANG_WARN_ENUM_CONVERSION = YES;
				CLANG_WARN_INFINITE_RECURSION = YES;
				CLANG_WARN_INT_CONVERSION = YES;
				CLANG_WARN_NON_LITERAL_NULL_CONVERSION = YES;
				CLANG_WARN_OBJC_IMPLICIT_RETAIN_SELF = YES;
				CLANG_WARN_OBJC_LITERAL_CONVERSION = YES;
				CLANG_WARN_OBJC_ROOT_CLASS = YES_ERROR;
				CLANG_WARN_QUOTED_INCLUDE_IN_FRAMEWORK_HEADER = YES;
				CLANG_WARN_RANGE_LOOP_ANALYSIS = YES;
				CLANG_WARN_STRICT_PROTOTYPES = YES;
				CLANG_WARN_SUSPICIOUS_MOVE = YES;
				CLANG_WARN_UNGUARDED_AVAILABILITY = YES_AGGRESSIVE;
				CLANG_WARN_UNREACHABLE_CODE = YES;
				CLANG_WARN__DUPLICATE_METHOD_MATCH = YES;
				COPY_PHASE_STRIP = NO;
				DEBUG_INFORMATION_FORMAT = dwarf;
				ENABLE_STRICT_OBJC_MSGSEND = YES;
				ENABLE_TESTABILITY = YES;
				GCC_C_LANGUAGE_STANDARD = gnu11;
				GCC_DYNAMIC_NO_PIC = NO;
				GCC_NO_COMMON_BLOCKS = YES;
				GCC_OPTIMIZATION_LEVEL = 0;
				GCC_PREPROCESSOR_DEFINITIONS = (
					"DEBUG=1",
					"$(inherited)",
				);
				GCC_WARN_64_TO_32_BIT_CONVERSION = YES;
				GCC_WARN_ABOUT_RETURN_TYPE = YES_ERROR;
				GCC_WARN_UNDECLARED_SELECTOR = YES;
				GCC_WARN_UNINITIALIZED_AUTOS = YES_AGGRESSIVE;
				GCC_WARN_UNUSED_FUNCTION = YES;
				GCC_WARN_UNUSED_VARIABLE = YES;
				IPHONEOS_DEPLOYMENT_TARGET = 14.5;
				MTL_ENABLE_DEBUG_INFO = INCLUDE_SOURCE;
				MTL_FAST_MATH = YES;
				ONLY_ACTIVE_ARCH = YES;
				SDKROOT = iphoneos;
				SWIFT_ACTIVE_COMPILATION_CONDITIONS = DEBUG;
				SWIFT_OPTIMIZATION_LEVEL = "-Onone";
			};
			name = Debug;
		};
		D5159C7B279513C40080898A /* Release */ = {
			isa = XCBuildConfiguration;
			buildSettings = {
				ALWAYS_SEARCH_USER_PATHS = NO;
				CLANG_ANALYZER_NONNULL = YES;
				CLANG_ANALYZER_NUMBER_OBJECT_CONVERSION = YES_AGGRESSIVE;
				CLANG_CXX_LANGUAGE_STANDARD = "gnu++14";
				CLANG_CXX_LIBRARY = "libc++";
				CLANG_ENABLE_MODULES = YES;
				CLANG_ENABLE_OBJC_ARC = YES;
				CLANG_ENABLE_OBJC_WEAK = YES;
				CLANG_WARN_BLOCK_CAPTURE_AUTORELEASING = YES;
				CLANG_WARN_BOOL_CONVERSION = YES;
				CLANG_WARN_COMMA = YES;
				CLANG_WARN_CONSTANT_CONVERSION = YES;
				CLANG_WARN_DEPRECATED_OBJC_IMPLEMENTATIONS = YES;
				CLANG_WARN_DIRECT_OBJC_ISA_USAGE = YES_ERROR;
				CLANG_WARN_DOCUMENTATION_COMMENTS = YES;
				CLANG_WARN_EMPTY_BODY = YES;
				CLANG_WARN_ENUM_CONVERSION = YES;
				CLANG_WARN_INFINITE_RECURSION = YES;
				CLANG_WARN_INT_CONVERSION = YES;
				CLANG_WARN_NON_LITERAL_NULL_CONVERSION = YES;
				CLANG_WARN_OBJC_IMPLICIT_RETAIN_SELF = YES;
				CLANG_WARN_OBJC_LITERAL_CONVERSION = YES;
				CLANG_WARN_OBJC_ROOT_CLASS = YES_ERROR;
				CLANG_WARN_QUOTED_INCLUDE_IN_FRAMEWORK_HEADER = YES;
				CLANG_WARN_RANGE_LOOP_ANALYSIS = YES;
				CLANG_WARN_STRICT_PROTOTYPES = YES;
				CLANG_WARN_SUSPICIOUS_MOVE = YES;
				CLANG_WARN_UNGUARDED_AVAILABILITY = YES_AGGRESSIVE;
				CLANG_WARN_UNREACHABLE_CODE = YES;
				CLANG_WARN__DUPLICATE_METHOD_MATCH = YES;
				COPY_PHASE_STRIP = NO;
				DEBUG_INFORMATION_FORMAT = "dwarf-with-dsym";
				ENABLE_NS_ASSERTIONS = NO;
				ENABLE_STRICT_OBJC_MSGSEND = YES;
				GCC_C_LANGUAGE_STANDARD = gnu11;
				GCC_NO_COMMON_BLOCKS = YES;
				GCC_WARN_64_TO_32_BIT_CONVERSION = YES;
				GCC_WARN_ABOUT_RETURN_TYPE = YES_ERROR;
				GCC_WARN_UNDECLARED_SELECTOR = YES;
				GCC_WARN_UNINITIALIZED_AUTOS = YES_AGGRESSIVE;
				GCC_WARN_UNUSED_FUNCTION = YES;
				GCC_WARN_UNUSED_VARIABLE = YES;
				IPHONEOS_DEPLOYMENT_TARGET = 14.5;
				MTL_ENABLE_DEBUG_INFO = NO;
				MTL_FAST_MATH = YES;
				SDKROOT = iphoneos;
				SWIFT_COMPILATION_MODE = wholemodule;
				SWIFT_OPTIMIZATION_LEVEL = "-O";
				VALIDATE_PRODUCT = YES;
			};
			name = Release;
		};
		D5159C7D279513C40080898A /* Debug */ = {
			isa = XCBuildConfiguration;
			buildSettings = {
				ASSETCATALOG_COMPILER_APPICON_NAME = AppIcon;
				ASSETCATALOG_COMPILER_GLOBAL_ACCENT_COLOR_NAME = AccentColor;
				CODE_SIGN_STYLE = Automatic;
				INFOPLIST_FILE = NetflixClone/Info.plist;
				LD_RUNPATH_SEARCH_PATHS = (
					"$(inherited)",
					"@executable_path/Frameworks",
				);
				PRODUCT_BUNDLE_IDENTIFIER = com.example.apple.NetflixClone;
				PRODUCT_NAME = "$(TARGET_NAME)";
				SWIFT_VERSION = 5.0;
				TARGETED_DEVICE_FAMILY = "1,2";
			};
			name = Debug;
		};
		D5159C7E279513C40080898A /* Release */ = {
			isa = XCBuildConfiguration;
			buildSettings = {
				ASSETCATALOG_COMPILER_APPICON_NAME = AppIcon;
				ASSETCATALOG_COMPILER_GLOBAL_ACCENT_COLOR_NAME = AccentColor;
				CODE_SIGN_STYLE = Automatic;
				INFOPLIST_FILE = NetflixClone/Info.plist;
				LD_RUNPATH_SEARCH_PATHS = (
					"$(inherited)",
					"@executable_path/Frameworks",
				);
				PRODUCT_BUNDLE_IDENTIFIER = com.example.apple.NetflixClone;
				PRODUCT_NAME = "$(TARGET_NAME)";
				SWIFT_VERSION = 5.0;
				TARGETED_DEVICE_FAMILY = "1,2";
			};
			name = Release;
		};
/* End XCBuildConfiguration section */

/* Begin XCConfigurationList section */
		D5159C63279513C30080898A /* Build configuration list for PBXProject "NetflixClone" */ = {
			isa = XCConfigurationList;
			buildConfigurations = (
				D5159C7A279513C40080898A /* Debug */,
				D5159C7B279513C40080898A /* Release */,
			);
			defaultConfigurationIsVisible = 0;
			defaultConfigurationName = Release;
		};
		D5159C7C279513C40080898A /* Build configuration list for PBXNativeTarget "NetflixClone" */ = {
			isa = XCConfigurationList;
			buildConfigurations = (
				D5159C7D279513C40080898A /* Debug */,
				D5159C7E279513C40080898A /* Release */,
			);
			defaultConfigurationIsVisible = 0;
			defaultConfigurationName = Release;
		};
/* End XCConfigurationList section */

/* Begin XCRemoteSwiftPackageReference section */
		D5F58A7D27C90AEB0049FF63 /* XCRemoteSwiftPackageReference "SDWebImage" */ = {
			isa = XCRemoteSwiftPackageReference;
			repositoryURL = "https://github.com/SDWebImage/SDWebImage.git";
			requirement = {
				kind = upToNextMajorVersion;
				minimumVersion = 5.12.3;
			};
		};
/* End XCRemoteSwiftPackageReference section */

/* Begin XCSwiftPackageProductDependency section */
		D5F58A7E27C90AEB0049FF63 /* SDWebImage */ = {
			isa = XCSwiftPackageProductDependency;
			package = D5F58A7D27C90AEB0049FF63 /* XCRemoteSwiftPackageReference "SDWebImage" */;
			productName = SDWebImage;
		};
		D5F58A8027C90AEB0049FF63 /* SDWebImageMapKit */ = {
			isa = XCSwiftPackageProductDependency;
			package = D5F58A7D27C90AEB0049FF63 /* XCRemoteSwiftPackageReference "SDWebImage" */;
			productName = SDWebImageMapKit;
		};
/* End XCSwiftPackageProductDependency section */
	};
	rootObject = D5159C60279513C30080898A /* Project object */;
}
